
Microsoft Visual Studio Solution File, Format Version 12.00
# Visual Studio 15
VisualStudioVersion = 15.0.27703.2000
MinimumVisualStudioVersion = 10.0.40219.1
Project("{FAE04EC0-301F-11D3-BF4B-00C04F79EFBC}") = "SamuraiApp.Domain", "SamuraiApp.Domain\SamuraiApp.Domain.csproj", "{1965370B-2A12-4326-B9A5-818E597FA647}"
EndProject
Project("{FAE04EC0-301F-11D3-BF4B-00C04F79EFBC}") = "SamuraiApp.Data", "SamuraiApp.Data\SamuraiApp.Data.csproj", "{7EC0E3A0-E050-487B-A990-C09F30E8D15C}"
EndProject
Project("{FAE04EC0-301F-11D3-BF4B-00C04F79EFBC}") = "SomeUi", "SomeUi\SomeUi.csproj", "{2F9A54F7-936F-4A2C-9952-44D17504787C}"
EndProject
Global
	GlobalSection(SolutionConfigurationPlatforms) = preSolution
		Debug|Any CPU = Debug|Any CPU
		Release|Any CPU = Release|Any CPU
	EndGlobalSection
	GlobalSection(ProjectConfigurationPlatforms) = postSolution
		{1965370B-2A12-4326-B9A5-818E597FA647}.Debug|Any CPU.ActiveCfg = Debug|Any CPU
		{1965370B-2A12-4326-B9A5-818E597FA647}.Debug|Any CPU.Build.0 = Debug|Any CPU
		{1965370B-2A12-4326-B9A5-818E597FA647}.Release|Any CPU.ActiveCfg = Release|Any CPU
		{1965370B-2A12-4326-B9A5-818E597FA647}.Release|Any CPU.Build.0 = Release|Any CPU
		{7EC0E3A0-E050-487B-A990-C09F30E8D15C}.Debug|Any CPU.ActiveCfg = Debug|Any CPU
		{7EC0E3A0-E050-487B-A990-C09F30E8D15C}.Debug|Any CPU.Build.0 = Debug|Any CPU
		{7EC0E3A0-E050-487B-A990-C09F30E8D15C}.Release|Any CPU.ActiveCfg = Release|Any CPU
		{7EC0E3A0-E050-487B-A990-C09F30E8D15C}.Release|Any CPU.Build.0 = Release|Any CPU
		{2F9A54F7-936F-4A2C-9952-44D17504787C}.Debug|Any CPU.ActiveCfg = Debug|Any CPU
		{2F9A54F7-936F-4A2C-9952-44D17504787C}.Debug|Any CPU.Build.0 = Debug|Any CPU
		{2F9A54F7-936F-4A2C-9952-44D17504787C}.Release|Any CPU.ActiveCfg = Release|Any CPU
		{2F9A54F7-936F-4A2C-9952-44D17504787C}.Release|Any CPU.Build.0 = Release|Any CPU
	EndGlobalSection
	GlobalSection(SolutionProperties) = preSolution
		HideSolutionNode = FALSE
	EndGlobalSection
	GlobalSection(ExtensibilityGlobals) = postSolution
		SolutionGuid = {F50B560E-A3B7-4F15-B2EC-CB390CD5471B}
	EndGlobalSection
EndGlobal
